
Microsoft Visual Studio Solution File, Format Version 12.00
# Visual Studio Version 17
VisualStudioVersion = 17.5.33627.172
MinimumVisualStudioVersion = 10.0.40219.1
Project("{9A19103F-16F7-4668-BE54-9A1E7A4F7556}") = "API", "API.csproj", "{3713A091-4C3F-4FBE-B2BE-ECFCDD4C4C6E}"
EndProject
Project("{FAE04EC0-301F-11D3-BF4B-00C04F79EFBC}") = "API.Tests", "..\API.Tests\API.Tests.csproj", "{EB92561B-5BF1-453E-AEC1-BFE87337DEF1}"
EndProject
Global
	GlobalSection(SolutionConfigurationPlatforms) = preSolution
		Debug|Any CPU = Debug|Any CPU
		Release|Any CPU = Release|Any CPU
	EndGlobalSection
	GlobalSection(ProjectConfigurationPlatforms) = postSolution
		{3713A091-4C3F-4FBE-B2BE-ECFCDD4C4C6E}.Debug|Any CPU.ActiveCfg = Debug|Any CPU
		{3713A091-4C3F-4FBE-B2BE-ECFCDD4C4C6E}.Debug|Any CPU.Build.0 = Debug|Any CPU
		{3713A091-4C3F-4FBE-B2BE-ECFCDD4C4C6E}.Release|Any CPU.ActiveCfg = Release|Any CPU
		{3713A091-4C3F-4FBE-B2BE-ECFCDD4C4C6E}.Release|Any CPU.Build.0 = Release|Any CPU
		{EB92561B-5BF1-453E-AEC1-BFE87337DEF1}.Debug|Any CPU.ActiveCfg = Debug|Any CPU
		{EB92561B-5BF1-453E-AEC1-BFE87337DEF1}.Debug|Any CPU.Build.0 = Debug|Any CPU
		{EB92561B-5BF1-453E-AEC1-BFE87337DEF1}.Release|Any CPU.ActiveCfg = Release|Any CPU
		{EB92561B-5BF1-453E-AEC1-BFE87337DEF1}.Release|Any CPU.Build.0 = Release|Any CPU
	EndGlobalSection
	GlobalSection(SolutionProperties) = preSolution
		HideSolutionNode = FALSE
	EndGlobalSection
	GlobalSection(ExtensibilityGlobals) = postSolution
		SolutionGuid = {5987D274-4B7E-4A70-BB57-89386DDFD4EF}
	EndGlobalSection
EndGlobal
